
Microsoft Visual Studio Solution File, Format Version 12.00
# Visual Studio Version 17
VisualStudioVersion = 17.14.36518.9 d17.14
MinimumVisualStudioVersion = 10.0.40219.1
Project("{FAE04EC0-301F-11D3-BF4B-00C04F79EFBC}") = "JJ_Lurgi_Piping_EB", "JJ_Lurgi_Piping_EB.csproj", "{91957B42-495B-43CB-D3D5-AAC6FA8A2764}"
EndProject
Global
	GlobalSection(SolutionConfigurationPlatforms) = preSolution
		Debug|Any CPU = Debug|Any CPU
		Release|Any CPU = Release|Any CPU
	EndGlobalSection
	GlobalSection(ProjectConfigurationPlatforms) = postSolution
		{91957B42-495B-43CB-D3D5-AAC6FA8A2764}.Debug|Any CPU.ActiveCfg = Debug|Any CPU
		{91957B42-495B-43CB-D3D5-AAC6FA8A2764}.Debug|Any CPU.Build.0 = Debug|Any CPU
		{91957B42-495B-43CB-D3D5-AAC6FA8A2764}.Debug|Any CPU.Deploy.0 = Debug|Any CPU
		{91957B42-495B-43CB-D3D5-AAC6FA8A2764}.Release|Any CPU.ActiveCfg = Release|Any CPU
		{91957B42-495B-43CB-D3D5-AAC6FA8A2764}.Release|Any CPU.Build.0 = Release|Any CPU
		{91957B42-495B-43CB-D3D5-AAC6FA8A2764}.Release|Any CPU.Deploy.0 = Release|Any CPU
	EndGlobalSection
	GlobalSection(SolutionProperties) = preSolution
		HideSolutionNode = FALSE
	EndGlobalSection
	GlobalSection(ExtensibilityGlobals) = postSolution
		SolutionGuid = {57D7B579-7B2D-49C8-BF64-8304D68DA95C}
	EndGlobalSection
EndGlobal
